
Microsoft Visual Studio Solution File, Format Version 12.00
# Visual Studio Version 17
VisualStudioVersion = 17.10.35122.118
MinimumVisualStudioVersion = 10.0.40219.1
Project("{FAE04EC0-301F-11D3-BF4B-00C04F79EFBC}") = "Doctor_Database", "xkrajcovicm2_zadanie\Doctor_Database.csproj", "{B57EA7A8-DC01-4D2E-82BF-7C82B9E855D2}"
EndProject
Global
	GlobalSection(SolutionConfigurationPlatforms) = preSolution
		Debug|Any CPU = Debug|Any CPU
		Release|Any CPU = Release|Any CPU
	EndGlobalSection
	GlobalSection(ProjectConfigurationPlatforms) = postSolution
		{B57EA7A8-DC01-4D2E-82BF-7C82B9E855D2}.Debug|Any CPU.ActiveCfg = Debug|Any CPU
		{B57EA7A8-DC01-4D2E-82BF-7C82B9E855D2}.Debug|Any CPU.Build.0 = Debug|Any CPU
		{B57EA7A8-DC01-4D2E-82BF-7C82B9E855D2}.Release|Any CPU.ActiveCfg = Release|Any CPU
		{B57EA7A8-DC01-4D2E-82BF-7C82B9E855D2}.Release|Any CPU.Build.0 = Release|Any CPU
	EndGlobalSection
	GlobalSection(SolutionProperties) = preSolution
		HideSolutionNode = FALSE
	EndGlobalSection
	GlobalSection(ExtensibilityGlobals) = postSolution
		SolutionGuid = {5C6270B4-9346-451A-9A3F-76F11820A5DD}
	EndGlobalSection
EndGlobal
